
Microsoft Visual Studio Solution File, Format Version 12.00
# Visual Studio Version 16
VisualStudioVersion = 16.0.30114.105
MinimumVisualStudioVersion = 10.0.40219.1
Project("{FAE04EC0-301F-11D3-BF4B-00C04F79EFBC}") = "Host", "Host\Host.csproj", "{7FB5A2E1-8EF7-4AD4-B985-F63DC2945A93}"
EndProject
Project("{FAE04EC0-301F-11D3-BF4B-00C04F79EFBC}") = "QuantumBackend", "QuantumBackend\QuantumBackend.csproj", "{105EAA58-D93F-43B4-B08F-E6271B14C4A8}"
EndProject
Global
	GlobalSection(SolutionConfigurationPlatforms) = preSolution
		Debug|Any CPU = Debug|Any CPU
		Release|Any CPU = Release|Any CPU
	EndGlobalSection
	GlobalSection(SolutionProperties) = preSolution
		HideSolutionNode = FALSE
	EndGlobalSection
	GlobalSection(ProjectConfigurationPlatforms) = postSolution
		{7FB5A2E1-8EF7-4AD4-B985-F63DC2945A93}.Debug|Any CPU.ActiveCfg = Debug|Any CPU
		{7FB5A2E1-8EF7-4AD4-B985-F63DC2945A93}.Debug|Any CPU.Build.0 = Debug|Any CPU
		{7FB5A2E1-8EF7-4AD4-B985-F63DC2945A93}.Release|Any CPU.ActiveCfg = Release|Any CPU
		{7FB5A2E1-8EF7-4AD4-B985-F63DC2945A93}.Release|Any CPU.Build.0 = Release|Any CPU
		{105EAA58-D93F-43B4-B08F-E6271B14C4A8}.Debug|Any CPU.ActiveCfg = Debug|Any CPU
		{105EAA58-D93F-43B4-B08F-E6271B14C4A8}.Debug|Any CPU.Build.0 = Debug|Any CPU
		{105EAA58-D93F-43B4-B08F-E6271B14C4A8}.Release|Any CPU.ActiveCfg = Release|Any CPU
		{105EAA58-D93F-43B4-B08F-E6271B14C4A8}.Release|Any CPU.Build.0 = Release|Any CPU
	EndGlobalSection
EndGlobal
